
Microsoft Visual Studio Solution File, Format Version 12.00
# Visual Studio Version 16
VisualStudioVersion = 16.0.29911.84
MinimumVisualStudioVersion = 10.0.40219.1
Project("{9A19103F-16F7-4668-BE54-9A1E7A4F7556}") = "latexparse-csharp", "latexparse-csharp\latexparse-csharp.csproj", "{0ED4766C-4EBC-4FF7-AA5C-BF3A9B7AC031}"
EndProject
Project("{FAE04EC0-301F-11D3-BF4B-00C04F79EFBC}") = "Testing", "Testing\Testing.csproj", "{FBFC2B39-ABF7-4604-B2E9-83BF94B00AE5}"
EndProject
Global
	GlobalSection(SolutionConfigurationPlatforms) = preSolution
		Debug|Any CPU = Debug|Any CPU
		Release|Any CPU = Release|Any CPU
	EndGlobalSection
	GlobalSection(ProjectConfigurationPlatforms) = postSolution
		{0ED4766C-4EBC-4FF7-AA5C-BF3A9B7AC031}.Debug|Any CPU.ActiveCfg = Debug|Any CPU
		{0ED4766C-4EBC-4FF7-AA5C-BF3A9B7AC031}.Debug|Any CPU.Build.0 = Debug|Any CPU
		{0ED4766C-4EBC-4FF7-AA5C-BF3A9B7AC031}.Release|Any CPU.ActiveCfg = Release|Any CPU
		{0ED4766C-4EBC-4FF7-AA5C-BF3A9B7AC031}.Release|Any CPU.Build.0 = Release|Any CPU
		{FBFC2B39-ABF7-4604-B2E9-83BF94B00AE5}.Debug|Any CPU.ActiveCfg = Debug|Any CPU
		{FBFC2B39-ABF7-4604-B2E9-83BF94B00AE5}.Debug|Any CPU.Build.0 = Debug|Any CPU
		{FBFC2B39-ABF7-4604-B2E9-83BF94B00AE5}.Release|Any CPU.ActiveCfg = Release|Any CPU
		{FBFC2B39-ABF7-4604-B2E9-83BF94B00AE5}.Release|Any CPU.Build.0 = Release|Any CPU
	EndGlobalSection
	GlobalSection(SolutionProperties) = preSolution
		HideSolutionNode = FALSE
	EndGlobalSection
	GlobalSection(ExtensibilityGlobals) = postSolution
		SolutionGuid = {729E4BE5-6451-4793-8AA5-5EC2A8D8ED27}
	EndGlobalSection
EndGlobal
